
Microsoft Visual Studio Solution File, Format Version 12.00
# Visual Studio 15
VisualStudioVersion = 15.0.28307.852
MinimumVisualStudioVersion = 10.0.40219.1
Project("{9A19103F-16F7-4668-BE54-9A1E7A4F7556}") = "Main", "Main\Main.csproj", "{BB86A8F8-26EB-4999-8CA6-67D3CB1E1019}"
EndProject
Project("{9A19103F-16F7-4668-BE54-9A1E7A4F7556}") = "Day1", "Day1\Day1.csproj", "{1F52065E-CDBC-4EC4-9043-8318F08395DB}"
EndProject
Project("{9A19103F-16F7-4668-BE54-9A1E7A4F7556}") = "Misc", "Misc\Misc.csproj", "{B33CF37F-EE11-47EE-A32C-22E9E103CF91}"
EndProject
Project("{9A19103F-16F7-4668-BE54-9A1E7A4F7556}") = "Day2", "Day2\Day2.csproj", "{B1EDB417-CA89-47ED-80A3-19FD20DBA98B}"
EndProject
Project("{9A19103F-16F7-4668-BE54-9A1E7A4F7556}") = "Day3", "Day3\Day3.csproj", "{4CC32A7B-03EA-41F4-B27A-74745AAA656D}"
EndProject
Project("{9A19103F-16F7-4668-BE54-9A1E7A4F7556}") = "Day4", "Day4\Day4.csproj", "{E5CDC05F-3763-40A6-B792-39C61EB7997D}"
EndProject
Project("{9A19103F-16F7-4668-BE54-9A1E7A4F7556}") = "Day5", "Day5\Day5.csproj", "{B1DE6582-24B0-4FED-98E4-4FF658AA1DED}"
EndProject
Project("{9A19103F-16F7-4668-BE54-9A1E7A4F7556}") = "IntcodeComputer", "IntcodeComputer\IntcodeComputer.csproj", "{9292E142-12A7-4458-9B29-535465456BAD}"
EndProject
Project("{FAE04EC0-301F-11D3-BF4B-00C04F79EFBC}") = "Day6", "Day6\Day6.csproj", "{4A4A5340-1357-4B4D-9CA3-44487BF45C1F}"
EndProject
Project("{FAE04EC0-301F-11D3-BF4B-00C04F79EFBC}") = "Day7", "Day7\Day7.csproj", "{82F9BBEE-2603-4304-8DF1-538EEB13E4F3}"
EndProject
Project("{FAE04EC0-301F-11D3-BF4B-00C04F79EFBC}") = "Day8", "Day8\Day8.csproj", "{DC0528DB-1D49-4E54-8858-610EA2E777AC}"
EndProject
Global
	GlobalSection(SolutionConfigurationPlatforms) = preSolution
		Debug|Any CPU = Debug|Any CPU
		Release|Any CPU = Release|Any CPU
	EndGlobalSection
	GlobalSection(ProjectConfigurationPlatforms) = postSolution
		{BB86A8F8-26EB-4999-8CA6-67D3CB1E1019}.Debug|Any CPU.ActiveCfg = Debug|Any CPU
		{BB86A8F8-26EB-4999-8CA6-67D3CB1E1019}.Debug|Any CPU.Build.0 = Debug|Any CPU
		{BB86A8F8-26EB-4999-8CA6-67D3CB1E1019}.Release|Any CPU.ActiveCfg = Release|Any CPU
		{BB86A8F8-26EB-4999-8CA6-67D3CB1E1019}.Release|Any CPU.Build.0 = Release|Any CPU
		{1F52065E-CDBC-4EC4-9043-8318F08395DB}.Debug|Any CPU.ActiveCfg = Debug|Any CPU
		{1F52065E-CDBC-4EC4-9043-8318F08395DB}.Debug|Any CPU.Build.0 = Debug|Any CPU
		{1F52065E-CDBC-4EC4-9043-8318F08395DB}.Release|Any CPU.ActiveCfg = Release|Any CPU
		{1F52065E-CDBC-4EC4-9043-8318F08395DB}.Release|Any CPU.Build.0 = Release|Any CPU
		{B33CF37F-EE11-47EE-A32C-22E9E103CF91}.Debug|Any CPU.ActiveCfg = Debug|Any CPU
		{B33CF37F-EE11-47EE-A32C-22E9E103CF91}.Debug|Any CPU.Build.0 = Debug|Any CPU
		{B33CF37F-EE11-47EE-A32C-22E9E103CF91}.Release|Any CPU.ActiveCfg = Release|Any CPU
		{B33CF37F-EE11-47EE-A32C-22E9E103CF91}.Release|Any CPU.Build.0 = Release|Any CPU
		{B1EDB417-CA89-47ED-80A3-19FD20DBA98B}.Debug|Any CPU.ActiveCfg = Debug|Any CPU
		{B1EDB417-CA89-47ED-80A3-19FD20DBA98B}.Debug|Any CPU.Build.0 = Debug|Any CPU
		{B1EDB417-CA89-47ED-80A3-19FD20DBA98B}.Release|Any CPU.ActiveCfg = Release|Any CPU
		{B1EDB417-CA89-47ED-80A3-19FD20DBA98B}.Release|Any CPU.Build.0 = Release|Any CPU
		{4CC32A7B-03EA-41F4-B27A-74745AAA656D}.Debug|Any CPU.ActiveCfg = Debug|Any CPU
		{4CC32A7B-03EA-41F4-B27A-74745AAA656D}.Debug|Any CPU.Build.0 = Debug|Any CPU
		{4CC32A7B-03EA-41F4-B27A-74745AAA656D}.Release|Any CPU.ActiveCfg = Release|Any CPU
		{4CC32A7B-03EA-41F4-B27A-74745AAA656D}.Release|Any CPU.Build.0 = Release|Any CPU
		{E5CDC05F-3763-40A6-B792-39C61EB7997D}.Debug|Any CPU.ActiveCfg = Debug|Any CPU
		{E5CDC05F-3763-40A6-B792-39C61EB7997D}.Debug|Any CPU.Build.0 = Debug|Any CPU
		{E5CDC05F-3763-40A6-B792-39C61EB7997D}.Release|Any CPU.ActiveCfg = Release|Any CPU
		{E5CDC05F-3763-40A6-B792-39C61EB7997D}.Release|Any CPU.Build.0 = Release|Any CPU
		{B1DE6582-24B0-4FED-98E4-4FF658AA1DED}.Debug|Any CPU.ActiveCfg = Debug|Any CPU
		{B1DE6582-24B0-4FED-98E4-4FF658AA1DED}.Debug|Any CPU.Build.0 = Debug|Any CPU
		{B1DE6582-24B0-4FED-98E4-4FF658AA1DED}.Release|Any CPU.ActiveCfg = Release|Any CPU
		{B1DE6582-24B0-4FED-98E4-4FF658AA1DED}.Release|Any CPU.Build.0 = Release|Any CPU
		{9292E142-12A7-4458-9B29-535465456BAD}.Debug|Any CPU.ActiveCfg = Debug|Any CPU
		{9292E142-12A7-4458-9B29-535465456BAD}.Debug|Any CPU.Build.0 = Debug|Any CPU
		{9292E142-12A7-4458-9B29-535465456BAD}.Release|Any CPU.ActiveCfg = Release|Any CPU
		{9292E142-12A7-4458-9B29-535465456BAD}.Release|Any CPU.Build.0 = Release|Any CPU
		{4A4A5340-1357-4B4D-9CA3-44487BF45C1F}.Debug|Any CPU.ActiveCfg = Debug|Any CPU
		{4A4A5340-1357-4B4D-9CA3-44487BF45C1F}.Debug|Any CPU.Build.0 = Debug|Any CPU
		{4A4A5340-1357-4B4D-9CA3-44487BF45C1F}.Release|Any CPU.ActiveCfg = Release|Any CPU
		{4A4A5340-1357-4B4D-9CA3-44487BF45C1F}.Release|Any CPU.Build.0 = Release|Any CPU
		{82F9BBEE-2603-4304-8DF1-538EEB13E4F3}.Debug|Any CPU.ActiveCfg = Debug|Any CPU
		{82F9BBEE-2603-4304-8DF1-538EEB13E4F3}.Debug|Any CPU.Build.0 = Debug|Any CPU
		{82F9BBEE-2603-4304-8DF1-538EEB13E4F3}.Release|Any CPU.ActiveCfg = Release|Any CPU
		{82F9BBEE-2603-4304-8DF1-538EEB13E4F3}.Release|Any CPU.Build.0 = Release|Any CPU
		{DC0528DB-1D49-4E54-8858-610EA2E777AC}.Debug|Any CPU.ActiveCfg = Debug|Any CPU
		{DC0528DB-1D49-4E54-8858-610EA2E777AC}.Debug|Any CPU.Build.0 = Debug|Any CPU
		{DC0528DB-1D49-4E54-8858-610EA2E777AC}.Release|Any CPU.ActiveCfg = Release|Any CPU
		{DC0528DB-1D49-4E54-8858-610EA2E777AC}.Release|Any CPU.Build.0 = Release|Any CPU
	EndGlobalSection
	GlobalSection(SolutionProperties) = preSolution
		HideSolutionNode = FALSE
	EndGlobalSection
	GlobalSection(ExtensibilityGlobals) = postSolution
		SolutionGuid = {EB59E974-536B-403E-95CF-9960BD4975F4}
	EndGlobalSection
EndGlobal
